
Microsoft Visual Studio Solution File, Format Version 12.00
Project("{F2A71F9B-5D33-465A-A702-920D77279786}") = "OtelTesting", "OtelTesting\OtelTesting.fsproj", "{2B82CE75-CB08-4180-A554-4EE90C684CE1}"
EndProject
Project("{2150E333-8FDC-42A3-9474-1A3956D46DE8}") = "Solution Items", "Solution Items", "{FDE24E0E-1764-41EA-9E3A-AC1CB098C782}"
	ProjectSection(SolutionItems) = preProject
		docker-compose.yml = docker-compose.yml
	EndProjectSection
EndProject
Global
	GlobalSection(SolutionConfigurationPlatforms) = preSolution
		Debug|Any CPU = Debug|Any CPU
		Release|Any CPU = Release|Any CPU
	EndGlobalSection
	GlobalSection(ProjectConfigurationPlatforms) = postSolution
		{2B82CE75-CB08-4180-A554-4EE90C684CE1}.Debug|Any CPU.ActiveCfg = Debug|Any CPU
		{2B82CE75-CB08-4180-A554-4EE90C684CE1}.Debug|Any CPU.Build.0 = Debug|Any CPU
		{2B82CE75-CB08-4180-A554-4EE90C684CE1}.Release|Any CPU.ActiveCfg = Release|Any CPU
		{2B82CE75-CB08-4180-A554-4EE90C684CE1}.Release|Any CPU.Build.0 = Release|Any CPU
	EndGlobalSection
EndGlobal
